
Microsoft Visual Studio Solution File, Format Version 11.00
# Visual Studio 2010
Project("{FAE04EC0-301F-11D3-BF4B-00C04F79EFBC}") = "p2p-DNS", "p2p-DNS\p2p-DNS.csproj", "{48C0CDCB-A7A2-4301-B9ED-241B7AB26AD0}"
EndProject
Project("{FAE04EC0-301F-11D3-BF4B-00C04F79EFBC}") = "ARSoft.Tools.Net", "p2p-DNS\ARSoft.Tools.Net\ARSoft.Tools.Net.csproj", "{65BFA748-C640-49B0-B506-34BBB165233A}"
EndProject
Project("{FAE04EC0-301F-11D3-BF4B-00C04F79EFBC}") = "DistributedServiceProvider", "p2p-DNS\DistributedServiceProvider\DistributedServiceProvider\DistributedServiceProvider.csproj", "{8ED2362E-9295-4BED-B43B-2F907AD7741D}"
EndProject
Project("{FAE04EC0-301F-11D3-BF4B-00C04F79EFBC}") = "DistributedServiceProvider.Base", "p2p-DNS\DistributedServiceProvider\DistributedServiceProviderBase\DistributedServiceProvider.Base.csproj", "{024ECFB7-AA89-4C58-BE96-C2488EEA877A}"
EndProject
Project("{FAE04EC0-301F-11D3-BF4B-00C04F79EFBC}") = "HandyCollections", "p2p-DNS\HandyCollections\HandyCollections\HandyCollections.csproj", "{C18B7765-C1F8-4769-A114-291D0BDB5865}"
EndProject
Project("{FAE04EC0-301F-11D3-BF4B-00C04F79EFBC}") = "protobuf-net", "p2p-DNS\protobuf-net\protobuf-net.csproj", "{8374E4D7-2A91-48F1-9360-09B09CF27C3F}"
EndProject
Global
	GlobalSection(SolutionConfigurationPlatforms) = preSolution
		Debug|Any CPU = Debug|Any CPU
		Debug|Mixed Platforms = Debug|Mixed Platforms
		Debug|x86 = Debug|x86
		Net20|Any CPU = Net20|Any CPU
		Net20|Mixed Platforms = Net20|Mixed Platforms
		Net20|x86 = Net20|x86
		Profile|Any CPU = Profile|Any CPU
		Profile|Mixed Platforms = Profile|Mixed Platforms
		Profile|x86 = Profile|x86
		Release|Any CPU = Release|Any CPU
		Release|Mixed Platforms = Release|Mixed Platforms
		Release|x86 = Release|x86
		Silverlight2|Any CPU = Silverlight2|Any CPU
		Silverlight2|Mixed Platforms = Silverlight2|Mixed Platforms
		Silverlight2|x86 = Silverlight2|x86
	EndGlobalSection
	GlobalSection(ProjectConfigurationPlatforms) = postSolution
		{48C0CDCB-A7A2-4301-B9ED-241B7AB26AD0}.Debug|Any CPU.ActiveCfg = Debug|x86
		{48C0CDCB-A7A2-4301-B9ED-241B7AB26AD0}.Debug|Mixed Platforms.ActiveCfg = Debug|x86
		{48C0CDCB-A7A2-4301-B9ED-241B7AB26AD0}.Debug|Mixed Platforms.Build.0 = Debug|x86
		{48C0CDCB-A7A2-4301-B9ED-241B7AB26AD0}.Debug|x86.ActiveCfg = Debug|x86
		{48C0CDCB-A7A2-4301-B9ED-241B7AB26AD0}.Debug|x86.Build.0 = Debug|x86
		{48C0CDCB-A7A2-4301-B9ED-241B7AB26AD0}.Net20|Any CPU.ActiveCfg = Release|x86
		{48C0CDCB-A7A2-4301-B9ED-241B7AB26AD0}.Net20|Mixed Platforms.ActiveCfg = Release|x86
		{48C0CDCB-A7A2-4301-B9ED-241B7AB26AD0}.Net20|Mixed Platforms.Build.0 = Release|x86
		{48C0CDCB-A7A2-4301-B9ED-241B7AB26AD0}.Net20|x86.ActiveCfg = Release|x86
		{48C0CDCB-A7A2-4301-B9ED-241B7AB26AD0}.Net20|x86.Build.0 = Release|x86
		{48C0CDCB-A7A2-4301-B9ED-241B7AB26AD0}.Profile|Any CPU.ActiveCfg = Release|x86
		{48C0CDCB-A7A2-4301-B9ED-241B7AB26AD0}.Profile|Mixed Platforms.ActiveCfg = Release|x86
		{48C0CDCB-A7A2-4301-B9ED-241B7AB26AD0}.Profile|Mixed Platforms.Build.0 = Release|x86
		{48C0CDCB-A7A2-4301-B9ED-241B7AB26AD0}.Profile|x86.ActiveCfg = Release|x86
		{48C0CDCB-A7A2-4301-B9ED-241B7AB26AD0}.Profile|x86.Build.0 = Release|x86
		{48C0CDCB-A7A2-4301-B9ED-241B7AB26AD0}.Release|Any CPU.ActiveCfg = Release|x86
		{48C0CDCB-A7A2-4301-B9ED-241B7AB26AD0}.Release|Mixed Platforms.ActiveCfg = Release|x86
		{48C0CDCB-A7A2-4301-B9ED-241B7AB26AD0}.Release|Mixed Platforms.Build.0 = Release|x86
		{48C0CDCB-A7A2-4301-B9ED-241B7AB26AD0}.Release|x86.ActiveCfg = Release|x86
		{48C0CDCB-A7A2-4301-B9ED-241B7AB26AD0}.Release|x86.Build.0 = Release|x86
		{48C0CDCB-A7A2-4301-B9ED-241B7AB26AD0}.Silverlight2|Any CPU.ActiveCfg = Release|x86
		{48C0CDCB-A7A2-4301-B9ED-241B7AB26AD0}.Silverlight2|Mixed Platforms.ActiveCfg = Release|x86
		{48C0CDCB-A7A2-4301-B9ED-241B7AB26AD0}.Silverlight2|Mixed Platforms.Build.0 = Release|x86
		{48C0CDCB-A7A2-4301-B9ED-241B7AB26AD0}.Silverlight2|x86.ActiveCfg = Release|x86
		{48C0CDCB-A7A2-4301-B9ED-241B7AB26AD0}.Silverlight2|x86.Build.0 = Release|x86
		{65BFA748-C640-49B0-B506-34BBB165233A}.Debug|Any CPU.ActiveCfg = Debug|Any CPU
		{65BFA748-C640-49B0-B506-34BBB165233A}.Debug|Any CPU.Build.0 = Debug|Any CPU
		{65BFA748-C640-49B0-B506-34BBB165233A}.Debug|Mixed Platforms.ActiveCfg = Debug|Any CPU
		{65BFA748-C640-49B0-B506-34BBB165233A}.Debug|Mixed Platforms.Build.0 = Debug|Any CPU
		{65BFA748-C640-49B0-B506-34BBB165233A}.Debug|x86.ActiveCfg = Debug|Any CPU
		{65BFA748-C640-49B0-B506-34BBB165233A}.Net20|Any CPU.ActiveCfg = Release|Any CPU
		{65BFA748-C640-49B0-B506-34BBB165233A}.Net20|Any CPU.Build.0 = Release|Any CPU
		{65BFA748-C640-49B0-B506-34BBB165233A}.Net20|Mixed Platforms.ActiveCfg = Release|Any CPU
		{65BFA748-C640-49B0-B506-34BBB165233A}.Net20|Mixed Platforms.Build.0 = Release|Any CPU
		{65BFA748-C640-49B0-B506-34BBB165233A}.Net20|x86.ActiveCfg = Release|Any CPU
		{65BFA748-C640-49B0-B506-34BBB165233A}.Profile|Any CPU.ActiveCfg = Release|Any CPU
		{65BFA748-C640-49B0-B506-34BBB165233A}.Profile|Any CPU.Build.0 = Release|Any CPU
		{65BFA748-C640-49B0-B506-34BBB165233A}.Profile|Mixed Platforms.ActiveCfg = Release|Any CPU
		{65BFA748-C640-49B0-B506-34BBB165233A}.Profile|Mixed Platforms.Build.0 = Release|Any CPU
		{65BFA748-C640-49B0-B506-34BBB165233A}.Profile|x86.ActiveCfg = Release|Any CPU
		{65BFA748-C640-49B0-B506-34BBB165233A}.Release|Any CPU.ActiveCfg = Release|Any CPU
		{65BFA748-C640-49B0-B506-34BBB165233A}.Release|Any CPU.Build.0 = Release|Any CPU
		{65BFA748-C640-49B0-B506-34BBB165233A}.Release|Mixed Platforms.ActiveCfg = Release|Any CPU
		{65BFA748-C640-49B0-B506-34BBB165233A}.Release|Mixed Platforms.Build.0 = Release|Any CPU
		{65BFA748-C640-49B0-B506-34BBB165233A}.Release|x86.ActiveCfg = Release|Any CPU
		{65BFA748-C640-49B0-B506-34BBB165233A}.Silverlight2|Any CPU.ActiveCfg = Release|Any CPU
		{65BFA748-C640-49B0-B506-34BBB165233A}.Silverlight2|Any CPU.Build.0 = Release|Any CPU
		{65BFA748-C640-49B0-B506-34BBB165233A}.Silverlight2|Mixed Platforms.ActiveCfg = Release|Any CPU
		{65BFA748-C640-49B0-B506-34BBB165233A}.Silverlight2|Mixed Platforms.Build.0 = Release|Any CPU
		{65BFA748-C640-49B0-B506-34BBB165233A}.Silverlight2|x86.ActiveCfg = Release|Any CPU
		{8ED2362E-9295-4BED-B43B-2F907AD7741D}.Debug|Any CPU.ActiveCfg = Debug|Any CPU
		{8ED2362E-9295-4BED-B43B-2F907AD7741D}.Debug|Any CPU.Build.0 = Debug|Any CPU
		{8ED2362E-9295-4BED-B43B-2F907AD7741D}.Debug|Mixed Platforms.ActiveCfg = Debug|Any CPU
		{8ED2362E-9295-4BED-B43B-2F907AD7741D}.Debug|Mixed Platforms.Build.0 = Debug|Any CPU
		{8ED2362E-9295-4BED-B43B-2F907AD7741D}.Debug|x86.ActiveCfg = Debug|Any CPU
		{8ED2362E-9295-4BED-B43B-2F907AD7741D}.Net20|Any CPU.ActiveCfg = Release|Any CPU
		{8ED2362E-9295-4BED-B43B-2F907AD7741D}.Net20|Any CPU.Build.0 = Release|Any CPU
		{8ED2362E-9295-4BED-B43B-2F907AD7741D}.Net20|Mixed Platforms.ActiveCfg = Release|Any CPU
		{8ED2362E-9295-4BED-B43B-2F907AD7741D}.Net20|Mixed Platforms.Build.0 = Release|Any CPU
		{8ED2362E-9295-4BED-B43B-2F907AD7741D}.Net20|x86.ActiveCfg = Release|Any CPU
		{8ED2362E-9295-4BED-B43B-2F907AD7741D}.Profile|Any CPU.ActiveCfg = Release|Any CPU
		{8ED2362E-9295-4BED-B43B-2F907AD7741D}.Profile|Any CPU.Build.0 = Release|Any CPU
		{8ED2362E-9295-4BED-B43B-2F907AD7741D}.Profile|Mixed Platforms.ActiveCfg = Release|Any CPU
		{8ED2362E-9295-4BED-B43B-2F907AD7741D}.Profile|Mixed Platforms.Build.0 = Release|Any CPU
		{8ED2362E-9295-4BED-B43B-2F907AD7741D}.Profile|x86.ActiveCfg = Release|Any CPU
		{8ED2362E-9295-4BED-B43B-2F907AD7741D}.Release|Any CPU.ActiveCfg = Release|Any CPU
		{8ED2362E-9295-4BED-B43B-2F907AD7741D}.Release|Any CPU.Build.0 = Release|Any CPU
		{8ED2362E-9295-4BED-B43B-2F907AD7741D}.Release|Mixed Platforms.ActiveCfg = Release|Any CPU
		{8ED2362E-9295-4BED-B43B-2F907AD7741D}.Release|Mixed Platforms.Build.0 = Release|Any CPU
		{8ED2362E-9295-4BED-B43B-2F907AD7741D}.Release|x86.ActiveCfg = Release|Any CPU
		{8ED2362E-9295-4BED-B43B-2F907AD7741D}.Silverlight2|Any CPU.ActiveCfg = Release|Any CPU
		{8ED2362E-9295-4BED-B43B-2F907AD7741D}.Silverlight2|Any CPU.Build.0 = Release|Any CPU
		{8ED2362E-9295-4BED-B43B-2F907AD7741D}.Silverlight2|Mixed Platforms.ActiveCfg = Release|Any CPU
		{8ED2362E-9295-4BED-B43B-2F907AD7741D}.Silverlight2|Mixed Platforms.Build.0 = Release|Any CPU
		{8ED2362E-9295-4BED-B43B-2F907AD7741D}.Silverlight2|x86.ActiveCfg = Release|Any CPU
		{024ECFB7-AA89-4C58-BE96-C2488EEA877A}.Debug|Any CPU.ActiveCfg = Debug|Any CPU
		{024ECFB7-AA89-4C58-BE96-C2488EEA877A}.Debug|Any CPU.Build.0 = Debug|Any CPU
		{024ECFB7-AA89-4C58-BE96-C2488EEA877A}.Debug|Mixed Platforms.ActiveCfg = Debug|Any CPU
		{024ECFB7-AA89-4C58-BE96-C2488EEA877A}.Debug|Mixed Platforms.Build.0 = Debug|Any CPU
		{024ECFB7-AA89-4C58-BE96-C2488EEA877A}.Debug|x86.ActiveCfg = Debug|Any CPU
		{024ECFB7-AA89-4C58-BE96-C2488EEA877A}.Net20|Any CPU.ActiveCfg = Release|Any CPU
		{024ECFB7-AA89-4C58-BE96-C2488EEA877A}.Net20|Any CPU.Build.0 = Release|Any CPU
		{024ECFB7-AA89-4C58-BE96-C2488EEA877A}.Net20|Mixed Platforms.ActiveCfg = Release|Any CPU
		{024ECFB7-AA89-4C58-BE96-C2488EEA877A}.Net20|Mixed Platforms.Build.0 = Release|Any CPU
		{024ECFB7-AA89-4C58-BE96-C2488EEA877A}.Net20|x86.ActiveCfg = Release|Any CPU
		{024ECFB7-AA89-4C58-BE96-C2488EEA877A}.Profile|Any CPU.ActiveCfg = Release|Any CPU
		{024ECFB7-AA89-4C58-BE96-C2488EEA877A}.Profile|Any CPU.Build.0 = Release|Any CPU
		{024ECFB7-AA89-4C58-BE96-C2488EEA877A}.Profile|Mixed Platforms.ActiveCfg = Release|Any CPU
		{024ECFB7-AA89-4C58-BE96-C2488EEA877A}.Profile|Mixed Platforms.Build.0 = Release|Any CPU
		{024ECFB7-AA89-4C58-BE96-C2488EEA877A}.Profile|x86.ActiveCfg = Release|Any CPU
		{024ECFB7-AA89-4C58-BE96-C2488EEA877A}.Release|Any CPU.ActiveCfg = Release|Any CPU
		{024ECFB7-AA89-4C58-BE96-C2488EEA877A}.Release|Any CPU.Build.0 = Release|Any CPU
		{024ECFB7-AA89-4C58-BE96-C2488EEA877A}.Release|Mixed Platforms.ActiveCfg = Release|Any CPU
		{024ECFB7-AA89-4C58-BE96-C2488EEA877A}.Release|Mixed Platforms.Build.0 = Release|Any CPU
		{024ECFB7-AA89-4C58-BE96-C2488EEA877A}.Release|x86.ActiveCfg = Release|Any CPU
		{024ECFB7-AA89-4C58-BE96-C2488EEA877A}.Silverlight2|Any CPU.ActiveCfg = Release|Any CPU
		{024ECFB7-AA89-4C58-BE96-C2488EEA877A}.Silverlight2|Any CPU.Build.0 = Release|Any CPU
		{024ECFB7-AA89-4C58-BE96-C2488EEA877A}.Silverlight2|Mixed Platforms.ActiveCfg = Release|Any CPU
		{024ECFB7-AA89-4C58-BE96-C2488EEA877A}.Silverlight2|Mixed Platforms.Build.0 = Release|Any CPU
		{024ECFB7-AA89-4C58-BE96-C2488EEA877A}.Silverlight2|x86.ActiveCfg = Release|Any CPU
		{C18B7765-C1F8-4769-A114-291D0BDB5865}.Debug|Any CPU.ActiveCfg = Debug|Any CPU
		{C18B7765-C1F8-4769-A114-291D0BDB5865}.Debug|Any CPU.Build.0 = Debug|Any CPU
		{C18B7765-C1F8-4769-A114-291D0BDB5865}.Debug|Mixed Platforms.ActiveCfg = Debug|Any CPU
		{C18B7765-C1F8-4769-A114-291D0BDB5865}.Debug|Mixed Platforms.Build.0 = Debug|Any CPU
		{C18B7765-C1F8-4769-A114-291D0BDB5865}.Debug|x86.ActiveCfg = Debug|Any CPU
		{C18B7765-C1F8-4769-A114-291D0BDB5865}.Net20|Any CPU.ActiveCfg = Release|Any CPU
		{C18B7765-C1F8-4769-A114-291D0BDB5865}.Net20|Any CPU.Build.0 = Release|Any CPU
		{C18B7765-C1F8-4769-A114-291D0BDB5865}.Net20|Mixed Platforms.ActiveCfg = Release|Any CPU
		{C18B7765-C1F8-4769-A114-291D0BDB5865}.Net20|Mixed Platforms.Build.0 = Release|Any CPU
		{C18B7765-C1F8-4769-A114-291D0BDB5865}.Net20|x86.ActiveCfg = Release|Any CPU
		{C18B7765-C1F8-4769-A114-291D0BDB5865}.Profile|Any CPU.ActiveCfg = Release|Any CPU
		{C18B7765-C1F8-4769-A114-291D0BDB5865}.Profile|Any CPU.Build.0 = Release|Any CPU
		{C18B7765-C1F8-4769-A114-291D0BDB5865}.Profile|Mixed Platforms.ActiveCfg = Release|Any CPU
		{C18B7765-C1F8-4769-A114-291D0BDB5865}.Profile|Mixed Platforms.Build.0 = Release|Any CPU
		{C18B7765-C1F8-4769-A114-291D0BDB5865}.Profile|x86.ActiveCfg = Release|Any CPU
		{C18B7765-C1F8-4769-A114-291D0BDB5865}.Release|Any CPU.ActiveCfg = Release|Any CPU
		{C18B7765-C1F8-4769-A114-291D0BDB5865}.Release|Any CPU.Build.0 = Release|Any CPU
		{C18B7765-C1F8-4769-A114-291D0BDB5865}.Release|Mixed Platforms.ActiveCfg = Release|Any CPU
		{C18B7765-C1F8-4769-A114-291D0BDB5865}.Release|Mixed Platforms.Build.0 = Release|Any CPU
		{C18B7765-C1F8-4769-A114-291D0BDB5865}.Release|x86.ActiveCfg = Release|Any CPU
		{C18B7765-C1F8-4769-A114-291D0BDB5865}.Silverlight2|Any CPU.ActiveCfg = Release|Any CPU
		{C18B7765-C1F8-4769-A114-291D0BDB5865}.Silverlight2|Any CPU.Build.0 = Release|Any CPU
		{C18B7765-C1F8-4769-A114-291D0BDB5865}.Silverlight2|Mixed Platforms.ActiveCfg = Release|Any CPU
		{C18B7765-C1F8-4769-A114-291D0BDB5865}.Silverlight2|Mixed Platforms.Build.0 = Release|Any CPU
		{C18B7765-C1F8-4769-A114-291D0BDB5865}.Silverlight2|x86.ActiveCfg = Release|Any CPU
		{8374E4D7-2A91-48F1-9360-09B09CF27C3F}.Debug|Any CPU.ActiveCfg = Debug|Any CPU
		{8374E4D7-2A91-48F1-9360-09B09CF27C3F}.Debug|Any CPU.Build.0 = Debug|Any CPU
		{8374E4D7-2A91-48F1-9360-09B09CF27C3F}.Debug|Mixed Platforms.ActiveCfg = Debug|Any CPU
		{8374E4D7-2A91-48F1-9360-09B09CF27C3F}.Debug|Mixed Platforms.Build.0 = Debug|Any CPU
		{8374E4D7-2A91-48F1-9360-09B09CF27C3F}.Debug|x86.ActiveCfg = Debug|Any CPU
		{8374E4D7-2A91-48F1-9360-09B09CF27C3F}.Net20|Any CPU.ActiveCfg = Net20|Any CPU
		{8374E4D7-2A91-48F1-9360-09B09CF27C3F}.Net20|Any CPU.Build.0 = Net20|Any CPU
		{8374E4D7-2A91-48F1-9360-09B09CF27C3F}.Net20|Mixed Platforms.ActiveCfg = Net20|Any CPU
		{8374E4D7-2A91-48F1-9360-09B09CF27C3F}.Net20|Mixed Platforms.Build.0 = Net20|Any CPU
		{8374E4D7-2A91-48F1-9360-09B09CF27C3F}.Net20|x86.ActiveCfg = Net20|Any CPU
		{8374E4D7-2A91-48F1-9360-09B09CF27C3F}.Profile|Any CPU.ActiveCfg = Profile|Any CPU
		{8374E4D7-2A91-48F1-9360-09B09CF27C3F}.Profile|Any CPU.Build.0 = Profile|Any CPU
		{8374E4D7-2A91-48F1-9360-09B09CF27C3F}.Profile|Mixed Platforms.ActiveCfg = Profile|Any CPU
		{8374E4D7-2A91-48F1-9360-09B09CF27C3F}.Profile|Mixed Platforms.Build.0 = Profile|Any CPU
		{8374E4D7-2A91-48F1-9360-09B09CF27C3F}.Profile|x86.ActiveCfg = Profile|Any CPU
		{8374E4D7-2A91-48F1-9360-09B09CF27C3F}.Release|Any CPU.ActiveCfg = Release|Any CPU
		{8374E4D7-2A91-48F1-9360-09B09CF27C3F}.Release|Any CPU.Build.0 = Release|Any CPU
		{8374E4D7-2A91-48F1-9360-09B09CF27C3F}.Release|Mixed Platforms.ActiveCfg = Release|Any CPU
		{8374E4D7-2A91-48F1-9360-09B09CF27C3F}.Release|Mixed Platforms.Build.0 = Release|Any CPU
		{8374E4D7-2A91-48F1-9360-09B09CF27C3F}.Release|x86.ActiveCfg = Release|Any CPU
		{8374E4D7-2A91-48F1-9360-09B09CF27C3F}.Silverlight2|Any CPU.ActiveCfg = Silverlight2|Any CPU
		{8374E4D7-2A91-48F1-9360-09B09CF27C3F}.Silverlight2|Any CPU.Build.0 = Silverlight2|Any CPU
		{8374E4D7-2A91-48F1-9360-09B09CF27C3F}.Silverlight2|Mixed Platforms.ActiveCfg = Silverlight2|Any CPU
		{8374E4D7-2A91-48F1-9360-09B09CF27C3F}.Silverlight2|Mixed Platforms.Build.0 = Silverlight2|Any CPU
		{8374E4D7-2A91-48F1-9360-09B09CF27C3F}.Silverlight2|x86.ActiveCfg = Silverlight2|Any CPU
	EndGlobalSection
	GlobalSection(SolutionProperties) = preSolution
		HideSolutionNode = FALSE
	EndGlobalSection
EndGlobal
